
Microsoft Visual Studio Solution File, Format Version 12.00
# Visual Studio 15
Project("{FAE04EC0-301F-11D3-BF4B-00C04F79EFBC}") = "UniRx", "UniRx.csproj", "{4F6EDA9E-FEBA-F383-BE51-8B1E5DCC14AA}"
EndProject
Project("{FAE04EC0-301F-11D3-BF4B-00C04F79EFBC}") = "UniRx.Examples", "UniRx.Examples.csproj", "{EF00B475-54C5-93B6-1CE5-F0EB4EA3D8C6}"
EndProject
Project("{FAE04EC0-301F-11D3-BF4B-00C04F79EFBC}") = "Assembly-CSharp", "Assembly-CSharp.csproj", "{22C7A8A0-1748-2A9B-E603-94DF8A4D32BD}"
EndProject
Global
	GlobalSection(SolutionConfigurationPlatforms) = preSolution
		Debug|Any CPU = Debug|Any CPU
		Release|Any CPU = Release|Any CPU
	EndGlobalSection
	GlobalSection(ProjectConfigurationPlatforms) = postSolution
		{4F6EDA9E-FEBA-F383-BE51-8B1E5DCC14AA}.Debug|Any CPU.ActiveCfg = Debug|Any CPU
		{4F6EDA9E-FEBA-F383-BE51-8B1E5DCC14AA}.Debug|Any CPU.Build.0 = Debug|Any CPU
		{4F6EDA9E-FEBA-F383-BE51-8B1E5DCC14AA}.Release|Any CPU.ActiveCfg = Release|Any CPU
		{4F6EDA9E-FEBA-F383-BE51-8B1E5DCC14AA}.Release|Any CPU.Build.0 = Release|Any CPU
		{EF00B475-54C5-93B6-1CE5-F0EB4EA3D8C6}.Debug|Any CPU.ActiveCfg = Debug|Any CPU
		{EF00B475-54C5-93B6-1CE5-F0EB4EA3D8C6}.Debug|Any CPU.Build.0 = Debug|Any CPU
		{EF00B475-54C5-93B6-1CE5-F0EB4EA3D8C6}.Release|Any CPU.ActiveCfg = Release|Any CPU
		{EF00B475-54C5-93B6-1CE5-F0EB4EA3D8C6}.Release|Any CPU.Build.0 = Release|Any CPU
		{22C7A8A0-1748-2A9B-E603-94DF8A4D32BD}.Debug|Any CPU.ActiveCfg = Debug|Any CPU
		{22C7A8A0-1748-2A9B-E603-94DF8A4D32BD}.Debug|Any CPU.Build.0 = Debug|Any CPU
		{22C7A8A0-1748-2A9B-E603-94DF8A4D32BD}.Release|Any CPU.ActiveCfg = Release|Any CPU
		{22C7A8A0-1748-2A9B-E603-94DF8A4D32BD}.Release|Any CPU.Build.0 = Release|Any CPU
	EndGlobalSection
	GlobalSection(SolutionProperties) = preSolution
		HideSolutionNode = FALSE
	EndGlobalSection
EndGlobal
